<?xml version="1.0" encoding="utf-8"?>
<Project ToolsVersion="4.0" xmlns="http://schemas.microsoft.com/developer/msbuild/2003">
  <ItemGroup>
    <Filter Include="Source Files">
      <UniqueIdentifier>{4FC737F1-C7A5-4376-A066-2A32D752A2FF}</UniqueIdentifier>
      <Extensions>cpp;c;cc;cxx;def;odl;idl;hpj;bat;asm;asmx</Extensions>
    </Filter>
    <Filter Include="Header Files">
      <UniqueIdentifier>{93995380-89BD-4b04-88EB-625FBE52EBFB}</UniqueIdentifier>
      <Extensions>h;hh;hpp;hxx;hm;inl;inc;xsd</Extensions>
    </Filter>
    <Filter Include="Resource Files">
      <UniqueIdentifier>{67DA6AB6-F800-4c08-8B7A-83BB121AAD01}</UniqueIdentifier>
      <Extensions>rc;ico;cur;bmp;dlg;rc2;rct;bin;rgs;gif;jpg;jpeg;jpe;resx;tiff;tif;png;wav</Extensions>
    </Filter>
  </ItemGroup>
  <ItemGroup>
    <ClCompile Include="main.cpp">
      <Filter>Source Files</Filter>
    </ClCompile>
    <ClCompile Include="checks\bam\bam.cpp">
      <Filter>Source Files</Filter>
    </ClCompile>
    <ClCompile Include="checks\devices\devices.cpp">
      <Filter>Source Files</Filter>
    </ClCompile>
    <ClCompile Include="checks\devices\mouse.cpp">
      <Filter>Source Files</Filter>
    </ClCompile>
    <ClCompile Include="checks\devices\keys.c">
      <Filter>Source Files</Filter>
    </ClCompile>
    <ClCompile Include="checks\disk\disk.cpp">
      <Filter>Source Files</Filter>
    </ClCompile>
    <ClCompile Include="checks\eventlog\evthandler.cpp">
      <Filter>Source Files</Filter>
    </ClCompile>
    <ClCompile Include="checks\eventlog\evtquery.cpp">
      <Filter>Source Files</Filter>
    </ClCompile>
    <ClCompile Include="checks\import code\importcode.cpp">
      <Filter>Source Files</Filter>
    </ClCompile>
    <ClCompile Include="checks\macros\macroscanner.cpp">
      <Filter>Source Files</Filter>
    </ClCompile>
    <ClCompile Include="checks\macros\macros.c">
      <Filter>Source Files</Filter>
    </ClCompile>
    <ClCompile Include="checks\memory\kernelproc.cpp">
      <Filter>Source Files</Filter>
    </ClCompile>
    <ClCompile Include="checks\memory\userproc.cpp">
      <Filter>Source Files</Filter>
    </ClCompile>
    <ClCompile Include="checks\mods\mods.c">
      <Filter>Source Files</Filter>
    </ClCompile>
    <ClCompile Include="checks\onboard memory macros\keyboardhook.c">
      <Filter>Source Files</Filter>
    </ClCompile>
    <ClCompile Include="checks\onboard memory macros\mousehook.c">
      <Filter>Source Files</Filter>
    </ClCompile>
    <ClCompile Include="checks\system\prochacker.cpp">
      <Filter>Source Files</Filter>
    </ClCompile>
    <ClCompile Include="checks\system\prochandler.cpp">
      <Filter>Source Files</Filter>
    </ClCompile>
    <ClCompile Include="checks\task scheduler\scheduler.cpp">
      <Filter>Source Files</Filter>
    </ClCompile>
    <ClCompile Include="checks\usn journal\fsutil.cpp">
      <Filter>Source Files</Filter>
    </ClCompile>
    <ClCompile Include="checks\usn journal\journal.cpp">
      <Filter>Source Files</Filter>
    </ClCompile>
    <ClCompile Include="miscellaneous\digital signature\trustverify.cpp">
      <Filter>Source Files</Filter>
    </ClCompile>
    <ClCompile Include="miscellaneous\gui\color.c">
      <Filter>Source Files</Filter>
    </ClCompile>
    <ClCompile Include="miscellaneous\wmi\wmi.cpp">
      <Filter>Source Files</Filter>
    </ClCompile>
  </ItemGroup>
  <ItemGroup>
    <ClInclude Include="main.hpp">
      <Filter>Header Files</Filter>
    </ClInclude>
    <ClInclude Include="checks\bam\bam.hpp">
      <Filter>Header Files</Filter>
    </ClInclude>
    <ClInclude Include="checks\devices\keys.h">
      <Filter>Header Files</Filter>
    </ClInclude>
    <ClInclude Include="checks\devices\devices.hpp">
      <Filter>Header Files</Filter>
    </ClInclude>
    <ClInclude Include="checks\devices\mouse.hpp">
      <Filter>Header Files</Filter>
    </ClInclude>
    <ClInclude Include="checks\disk\disk.hpp">
      <Filter>Header Files</Filter>
    </ClInclude>
    <ClInclude Include="checks\eventlog\evthandler.hpp">
      <Filter>Header Files</Filter>
    </ClInclude>
    <ClInclude Include="checks\eventlog\evtquery.hpp">
      <Filter>Header Files</Filter>
    </ClInclude>
    <ClInclude Include="checks\import code\importcode.hpp">
      <Filter>Header Files</Filter>
    </ClInclude>
    <ClInclude Include="checks\macros\macros.h">
      <Filter>Header Files</Filter>
    </ClInclude>
    <ClInclude Include="checks\macros\macroscanner.hpp">
      <Filter>Header Files</Filter>
    </ClInclude>
    <ClInclude Include="checks\memory\kernelproc.hpp">
      <Filter>Header Files</Filter>
    </ClInclude>
    <ClInclude Include="checks\memory\userproc.hpp">
      <Filter>Header Files</Filter>
    </ClInclude>
    <ClInclude Include="checks\mods\mods.h">
      <Filter>Header Files</Filter>
    </ClInclude>
    <ClInclude Include="checks\onboard memory macros\keyboardhook.h">
      <Filter>Header Files</Filter>
    </ClInclude>
    <ClInclude Include="checks\onboard memory macros\mousehook.h">
      <Filter>Header Files</Filter>
    </ClInclude>
    <ClInclude Include="checks\system\prochacker.hpp">
      <Filter>Header Files</Filter>
    </ClInclude>
    <ClInclude Include="checks\system\prochandler.hpp">
      <Filter>Header Files</Filter>
    </ClInclude>
    <ClInclude Include="checks\task scheduler\scheduler.hpp">
      <Filter>Header Files</Filter>
    </ClInclude>
    <ClInclude Include="checks\usn journal\fsutil.hpp">
      <Filter>Header Files</Filter>
    </ClInclude>
    <ClInclude Include="checks\usn journal\journal.hpp">
      <Filter>Header Files</Filter>
    </ClInclude>
    <ClInclude Include="checks\virtual machines\vmaware.hpp">
      <Filter>Header Files</Filter>
    </ClInclude>
    <ClInclude Include="miscellaneous\digital signature\trustverify.hpp">
      <Filter>Header Files</Filter>
    </ClInclude>
    <ClInclude Include="miscellaneous\gui\color.h">
      <Filter>Header Files</Filter>
    </ClInclude>
    <ClInclude Include="miscellaneous\wmi\wmi.hpp">
      <Filter>Header Files</Filter>
    </ClInclude>
  </ItemGroup>
</Project>