<?xml version="1.0" encoding="utf-8"?>
<Project ToolsVersion="4.0" xmlns="http://schemas.microsoft.com/developer/msbuild/2003">
  <ItemGroup>
    <Filter Include="Source Files">
      <UniqueIdentifier>{4FC737F1-C7A5-4376-A066-2A32D752A2FF}</UniqueIdentifier>
      <Extensions>cpp;c;cc;cxx;def;odl;idl;hpj;bat;asm;asmx</Extensions>
    </Filter>
    <Filter Include="Header Files">
      <UniqueIdentifier>{93995380-89BD-4b04-88EB-625FBE52EBFB}</UniqueIdentifier>
      <Extensions>h;hh;hpp;hxx;hm;inl;inc;xsd</Extensions>
    </Filter>
    <Filter Include="Resource Files">
      <UniqueIdentifier>{67DA6AB6-F800-4c08-8B7A-83BB121AAD01}</UniqueIdentifier>
      <Extensions>rc;ico;cur;bmp;dlg;rc2;rct;bin;rgs;gif;jpg;jpeg;jpe;resx;tiff;tif;png;wav</Extensions>
    </Filter>
  </ItemGroup>
  <ItemGroup>
    <ClCompile Include="main.cpp">
      <Filter>Source Files</Filter>
    </ClCompile>
    <ClCompile Include="devices\devices.cpp">
      <Filter>Source Files</Filter>
    </ClCompile>
    <ClCompile Include="devices\mouse.cpp">
      <Filter>Source Files</Filter>
    </ClCompile>
    <ClCompile Include="digital signature\trustverify.cpp">
      <Filter>Source Files</Filter>
    </ClCompile>
    <ClCompile Include="disk\disk.cpp">
      <Filter>Source Files</Filter>
    </ClCompile>
    <ClCompile Include="import code\importcode.cpp">
      <Filter>Source Files</Filter>
    </ClCompile>
    <ClCompile Include="macros\macroscanner.cpp">
      <Filter>Source Files</Filter>
    </ClCompile>
    <ClCompile Include="macros\macros.c">
      <Filter>Source Files</Filter>
    </ClCompile>
    <ClCompile Include="memory\kernelproc.cpp">
      <Filter>Source Files</Filter>
    </ClCompile>
    <ClCompile Include="memory\userproc.cpp">
      <Filter>Source Files</Filter>
    </ClCompile>
    <ClCompile Include="mods\mods.c">
      <Filter>Source Files</Filter>
    </ClCompile>
    <ClCompile Include="onboard memory macros\keyboardhook.c">
      <Filter>Source Files</Filter>
    </ClCompile>
    <ClCompile Include="onboard memory macros\mousehook.c">
      <Filter>Source Files</Filter>
    </ClCompile>
    <ClCompile Include="task scheduler\scheduler.cpp">
      <Filter>Source Files</Filter>
    </ClCompile>
    <ClCompile Include="usn journal\journal.cpp">
      <Filter>Source Files</Filter>
    </ClCompile>
    <ClCompile Include="usn journal\fsutil.cpp">
      <Filter>Source Files</Filter>
    </ClCompile>
    <ClCompile Include="system\evthandler.cpp">
      <Filter>Source Files</Filter>
    </ClCompile>
    <ClCompile Include="system\evtquery.cpp">
      <Filter>Source Files</Filter>
    </ClCompile>
    <ClCompile Include="system\prochacker.cpp">
      <Filter>Source Files</Filter>
    </ClCompile>
    <ClCompile Include="system\prochandler.cpp">
      <Filter>Source Files</Filter>
    </ClCompile>
    <ClCompile Include="wmi\wmi.cpp">
      <Filter>Source Files</Filter>
    </ClCompile>
    <ClCompile Include="gui\color.c">
      <Filter>Source Files</Filter>
    </ClCompile>
  </ItemGroup>
  <ItemGroup>
    <ClInclude Include="main.hpp">
      <Filter>Header Files</Filter>
    </ClInclude>
    <ClInclude Include="devices\devices.hpp">
      <Filter>Header Files</Filter>
    </ClInclude>
    <ClInclude Include="devices\mouse.hpp">
      <Filter>Header Files</Filter>
    </ClInclude>
    <ClInclude Include="digital signature\trustverify.hpp">
      <Filter>Header Files</Filter>
    </ClInclude>
    <ClInclude Include="disk\disk.hpp">
      <Filter>Header Files</Filter>
    </ClInclude>
    <ClInclude Include="import code\importcode.hpp">
      <Filter>Header Files</Filter>
    </ClInclude>
    <ClInclude Include="macros\macros.h">
      <Filter>Header Files</Filter>
    </ClInclude>
    <ClInclude Include="macros\macroscanner.hpp">
      <Filter>Header Files</Filter>
    </ClInclude>
    <ClInclude Include="memory\kernelproc.hpp">
      <Filter>Header Files</Filter>
    </ClInclude>
    <ClInclude Include="memory\userproc.hpp">
      <Filter>Header Files</Filter>
    </ClInclude>
    <ClInclude Include="mods\mods.h">
      <Filter>Header Files</Filter>
    </ClInclude>
    <ClInclude Include="onboard memory macros\keyboardhook.h">
      <Filter>Header Files</Filter>
    </ClInclude>
    <ClInclude Include="onboard memory macros\mousehook.h">
      <Filter>Header Files</Filter>
    </ClInclude>
    <ClInclude Include="task scheduler\scheduler.hpp">
      <Filter>Header Files</Filter>
    </ClInclude>
    <ClInclude Include="usn journal\fsutil.hpp">
      <Filter>Header Files</Filter>
    </ClInclude>
    <ClInclude Include="usn journal\journal.hpp">
      <Filter>Header Files</Filter>
    </ClInclude>
    <ClInclude Include="virtual machines\vmaware.hpp">
      <Filter>Header Files</Filter>
    </ClInclude>
    <ClInclude Include="wmi\wmi.hpp">
      <Filter>Header Files</Filter>
    </ClInclude>
    <ClInclude Include="gui\color.h">
      <Filter>Header Files</Filter>
    </ClInclude>
    <ClInclude Include="system\evthandler.hpp">
      <Filter>Header Files</Filter>
    </ClInclude>
    <ClInclude Include="system\evtquery.hpp">
      <Filter>Header Files</Filter>
    </ClInclude>
    <ClInclude Include="system\prochacker.hpp">
      <Filter>Header Files</Filter>
    </ClInclude>
    <ClInclude Include="system\prochandler.hpp">
      <Filter>Header Files</Filter>
    </ClInclude>
  </ItemGroup>
</Project>