<?xml version="1.0" encoding="utf-8"?>
<Project ToolsVersion="4.0" xmlns="http://schemas.microsoft.com/developer/msbuild/2003">
  <ItemGroup>
    <Filter Include="Source Files">
      <UniqueIdentifier>{4FC737F1-C7A5-4376-A066-2A32D752A2FF}</UniqueIdentifier>
      <Extensions>cpp;c;cc;cxx;def;odl;idl;hpj;bat;asm;asmx</Extensions>
    </Filter>
    <Filter Include="Header Files">
      <UniqueIdentifier>{93995380-89BD-4b04-88EB-625FBE52EBFB}</UniqueIdentifier>
      <Extensions>h;hh;hpp;hxx;hm;inl;inc;xsd</Extensions>
    </Filter>
    <Filter Include="Resource Files">
      <UniqueIdentifier>{67DA6AB6-F800-4c08-8B7A-83BB121AAD01}</UniqueIdentifier>
      <Extensions>rc;ico;cur;bmp;dlg;rc2;rct;bin;rgs;gif;jpg;jpeg;jpe;resx;tiff;tif;png;wav</Extensions>
    </Filter>
  </ItemGroup>
  <ItemGroup>
    <ClCompile Include="BAMChecker.cpp">
      <Filter>Source Files</Filter>
    </ClCompile>
    <ClCompile Include="DriveOperations.cpp">
      <Filter>Source Files</Filter>
    </ClCompile>
    <ClCompile Include="DriverChecker.cpp">
      <Filter>Source Files</Filter>
    </ClCompile>
    <ClCompile Include="main.cpp">
      <Filter>Source Files</Filter>
    </ClCompile>
    <ClCompile Include="NTFSDriveUtils.cpp">
      <Filter>Source Files</Filter>
    </ClCompile>
    <ClCompile Include="process_scanner.cpp">
      <Filter>Source Files</Filter>
    </ClCompile>
    <ClCompile Include="ServiceChecker.cpp">
      <Filter>Source Files</Filter>
    </ClCompile>
    <ClCompile Include="KeyboardHook.c">
      <Filter>Source Files</Filter>
    </ClCompile>
    <ClCompile Include="macros.c">
      <Filter>Source Files</Filter>
    </ClCompile>
    <ClCompile Include="MouseHook.c">
      <Filter>Source Files</Filter>
    </ClCompile>
  </ItemGroup>
  <ItemGroup>
    <ClInclude Include="KeyboardHook.h">
      <Filter>Header Files</Filter>
    </ClInclude>
    <ClInclude Include="macros.h">
      <Filter>Header Files</Filter>
    </ClInclude>
    <ClInclude Include="MouseHook.h">
      <Filter>Header Files</Filter>
    </ClInclude>
    <ClInclude Include="BAMChecker.hpp">
      <Filter>Header Files</Filter>
    </ClInclude>
    <ClInclude Include="DriveOperations.hpp">
      <Filter>Header Files</Filter>
    </ClInclude>
    <ClInclude Include="DriverChecker.hpp">
      <Filter>Header Files</Filter>
    </ClInclude>
    <ClInclude Include="main.hpp">
      <Filter>Header Files</Filter>
    </ClInclude>
    <ClInclude Include="NTFSDriveUtils.hpp">
      <Filter>Header Files</Filter>
    </ClInclude>
    <ClInclude Include="process_scanner.hpp">
      <Filter>Header Files</Filter>
    </ClInclude>
    <ClInclude Include="ServiceChecker.hpp">
      <Filter>Header Files</Filter>
    </ClInclude>
  </ItemGroup>
</Project>